// !$*UTF8*$!
{
	archiveVersion = 1;
	classes = {
	};
	objectVersion = 56;
	objects = {

/* Begin PBXBuildFile section */
		11A6693329A2D134000EF407 /* iOSChallenge_FredyCamas_02192023App.swift in Sources */ = {isa = PBXBuildFile; fileRef = 11A6693229A2D134000EF407 /* iOSChallenge_FredyCamas_02192023App.swift */; };
		11A6693529A2D134000EF407 /* ContentView.swift in Sources */ = {isa = PBXBuildFile; fileRef = 11A6693429A2D134000EF407 /* ContentView.swift */; };
		11A6693729A2D135000EF407 /* Assets.xcassets in Resources */ = {isa = PBXBuildFile; fileRef = 11A6693629A2D135000EF407 /* Assets.xcassets */; };
		11A6693A29A2D135000EF407 /* Preview Assets.xcassets in Resources */ = {isa = PBXBuildFile; fileRef = 11A6693929A2D135000EF407 /* Preview Assets.xcassets */; };
		11A6694429A2D136000EF407 /* iOSChallenge_FredyCamas_02192023Tests.swift in Sources */ = {isa = PBXBuildFile; fileRef = 11A6694329A2D136000EF407 /* iOSChallenge_FredyCamas_02192023Tests.swift */; };
		11A6694E29A2D136000EF407 /* iOSChallenge_FredyCamas_02192023UITests.swift in Sources */ = {isa = PBXBuildFile; fileRef = 11A6694D29A2D136000EF407 /* iOSChallenge_FredyCamas_02192023UITests.swift */; };
		11A6695029A2D136000EF407 /* iOSChallenge_FredyCamas_02192023UITestsLaunchTests.swift in Sources */ = {isa = PBXBuildFile; fileRef = 11A6694F29A2D136000EF407 /* iOSChallenge_FredyCamas_02192023UITestsLaunchTests.swift */; };
		11A6695E29A2D1FE000EF407 /* Constants.swift in Sources */ = {isa = PBXBuildFile; fileRef = 11A6695D29A2D1FE000EF407 /* Constants.swift */; };
		11A6696329A2DBFC000EF407 /* DessertCardView.swift in Sources */ = {isa = PBXBuildFile; fileRef = 11A6696229A2DBFC000EF407 /* DessertCardView.swift */; };
/* End PBXBuildFile section */

/* Begin PBXContainerItemProxy section */
		11A6694029A2D136000EF407 /* PBXContainerItemProxy */ = {
			isa = PBXContainerItemProxy;
			containerPortal = 11A6692729A2D134000EF407 /* Project object */;
			proxyType = 1;
			remoteGlobalIDString = 11A6692E29A2D134000EF407;
			remoteInfo = iOSChallenge_FredyCamas_02192023;
		};
		11A6694A29A2D136000EF407 /* PBXContainerItemProxy */ = {
			isa = PBXContainerItemProxy;
			containerPortal = 11A6692729A2D134000EF407 /* Project object */;
			proxyType = 1;
			remoteGlobalIDString = 11A6692E29A2D134000EF407;
			remoteInfo = iOSChallenge_FredyCamas_02192023;
		};
/* End PBXContainerItemProxy section */

/* Begin PBXFileReference section */
		11A6692F29A2D134000EF407 /* iOSChallenge_FredyCamas_02192023.app */ = {isa = PBXFileReference; explicitFileType = wrapper.application; includeInIndex = 0; path = iOSChallenge_FredyCamas_02192023.app; sourceTree = BUILT_PRODUCTS_DIR; };
		11A6693229A2D134000EF407 /* iOSChallenge_FredyCamas_02192023App.swift */ = {isa = PBXFileReference; lastKnownFileType = sourcecode.swift; path = iOSChallenge_FredyCamas_02192023App.swift; sourceTree = "<group>"; };
		11A6693429A2D134000EF407 /* ContentView.swift */ = {isa = PBXFileReference; lastKnownFileType = sourcecode.swift; path = ContentView.swift; sourceTree = "<group>"; };
		11A6693629A2D135000EF407 /* Assets.xcassets */ = {isa = PBXFileReference; lastKnownFileType = folder.assetcatalog; path = Assets.xcassets; sourceTree = "<group>"; };
		11A6693929A2D135000EF407 /* Preview Assets.xcassets */ = {isa = PBXFileReference; lastKnownFileType = folder.assetcatalog; path = "Preview Assets.xcassets"; sourceTree = "<group>"; };
		11A6693F29A2D136000EF407 /* iOSChallenge_FredyCamas_02192023Tests.xctest */ = {isa = PBXFileReference; explicitFileType = wrapper.cfbundle; includeInIndex = 0; path = iOSChallenge_FredyCamas_02192023Tests.xctest; sourceTree = BUILT_PRODUCTS_DIR; };
		11A6694329A2D136000EF407 /* iOSChallenge_FredyCamas_02192023Tests.swift */ = {isa = PBXFileReference; lastKnownFileType = sourcecode.swift; path = iOSChallenge_FredyCamas_02192023Tests.swift; sourceTree = "<group>"; };
		11A6694929A2D136000EF407 /* iOSChallenge_FredyCamas_02192023UITests.xctest */ = {isa = PBXFileReference; explicitFileType = wrapper.cfbundle; includeInIndex = 0; path = iOSChallenge_FredyCamas_02192023UITests.xctest; sourceTree = BUILT_PRODUCTS_DIR; };
		11A6694D29A2D136000EF407 /* iOSChallenge_FredyCamas_02192023UITests.swift */ = {isa = PBXFileReference; lastKnownFileType = sourcecode.swift; path = iOSChallenge_FredyCamas_02192023UITests.swift; sourceTree = "<group>"; };
		11A6694F29A2D136000EF407 /* iOSChallenge_FredyCamas_02192023UITestsLaunchTests.swift */ = {isa = PBXFileReference; lastKnownFileType = sourcecode.swift; path = iOSChallenge_FredyCamas_02192023UITestsLaunchTests.swift; sourceTree = "<group>"; };
		11A6695D29A2D1FE000EF407 /* Constants.swift */ = {isa = PBXFileReference; lastKnownFileType = sourcecode.swift; path = Constants.swift; sourceTree = "<group>"; };
		11A6696229A2DBFC000EF407 /* DessertCardView.swift */ = {isa = PBXFileReference; lastKnownFileType = sourcecode.swift; path = DessertCardView.swift; sourceTree = "<group>"; };
/* End PBXFileReference section */

/* Begin PBXFrameworksBuildPhase section */
		11A6692C29A2D134000EF407 /* Frameworks */ = {
			isa = PBXFrameworksBuildPhase;
			buildActionMask = 2147483647;
			files = (
			);
			runOnlyForDeploymentPostprocessing = 0;
		};
		11A6693C29A2D136000EF407 /* Frameworks */ = {
			isa = PBXFrameworksBuildPhase;
			buildActionMask = 2147483647;
			files = (
			);
			runOnlyForDeploymentPostprocessing = 0;
		};
		11A6694629A2D136000EF407 /* Frameworks */ = {
			isa = PBXFrameworksBuildPhase;
			buildActionMask = 2147483647;
			files = (
			);
			runOnlyForDeploymentPostprocessing = 0;
		};
/* End PBXFrameworksBuildPhase section */

/* Begin PBXGroup section */
		11A6692629A2D134000EF407 = {
			isa = PBXGroup;
			children = (
				11A6693129A2D134000EF407 /* iOSChallenge_FredyCamas_02192023 */,
				11A6694229A2D136000EF407 /* iOSChallenge_FredyCamas_02192023Tests */,
				11A6694C29A2D136000EF407 /* iOSChallenge_FredyCamas_02192023UITests */,
				11A6693029A2D134000EF407 /* Products */,
			);
			sourceTree = "<group>";
		};
		11A6693029A2D134000EF407 /* Products */ = {
			isa = PBXGroup;
			children = (
				11A6692F29A2D134000EF407 /* iOSChallenge_FredyCamas_02192023.app */,
				11A6693F29A2D136000EF407 /* iOSChallenge_FredyCamas_02192023Tests.xctest */,
				11A6694929A2D136000EF407 /* iOSChallenge_FredyCamas_02192023UITests.xctest */,
			);
			name = Products;
			sourceTree = "<group>";
		};
		11A6693129A2D134000EF407 /* iOSChallenge_FredyCamas_02192023 */ = {
			isa = PBXGroup;
			children = (
				11A6695F29A2DB2F000EF407 /* Views */,
				11A6695C29A2D1EA000EF407 /* Constants */,
				11A6693229A2D134000EF407 /* iOSChallenge_FredyCamas_02192023App.swift */,
				11A6693429A2D134000EF407 /* ContentView.swift */,
				11A6693629A2D135000EF407 /* Assets.xcassets */,
				11A6693829A2D135000EF407 /* Preview Content */,
			);
			path = iOSChallenge_FredyCamas_02192023;
			sourceTree = "<group>";
		};
		11A6693829A2D135000EF407 /* Preview Content */ = {
			isa = PBXGroup;
			children = (
				11A6693929A2D135000EF407 /* Preview Assets.xcassets */,
			);
			path = "Preview Content";
			sourceTree = "<group>";
		};
		11A6694229A2D136000EF407 /* iOSChallenge_FredyCamas_02192023Tests */ = {
			isa = PBXGroup;
			children = (
				11A6694329A2D136000EF407 /* iOSChallenge_FredyCamas_02192023Tests.swift */,
			);
			path = iOSChallenge_FredyCamas_02192023Tests;
			sourceTree = "<group>";
		};
		11A6694C29A2D136000EF407 /* iOSChallenge_FredyCamas_02192023UITests */ = {
			isa = PBXGroup;
			children = (
				11A6694D29A2D136000EF407 /* iOSChallenge_FredyCamas_02192023UITests.swift */,
				11A6694F29A2D136000EF407 /* iOSChallenge_FredyCamas_02192023UITestsLaunchTests.swift */,
			);
			path = iOSChallenge_FredyCamas_02192023UITests;
			sourceTree = "<group>";
		};
		11A6695C29A2D1EA000EF407 /* Constants */ = {
			isa = PBXGroup;
			children = (
				11A6695D29A2D1FE000EF407 /* Constants.swift */,
			);
			path = Constants;
			sourceTree = "<group>";
		};
		11A6695F29A2DB2F000EF407 /* Views */ = {
			isa = PBXGroup;
			children = (
				11A6696229A2DBFC000EF407 /* DessertCardView.swift */,
			);
			path = Views;
			sourceTree = "<group>";
		};
/* End PBXGroup section */

/* Begin PBXNativeTarget section */
		11A6692E29A2D134000EF407 /* iOSChallenge_FredyCamas_02192023 */ = {
			isa = PBXNativeTarget;
			buildConfigurationList = 11A6695329A2D136000EF407 /* Build configuration list for PBXNativeTarget "iOSChallenge_FredyCamas_02192023" */;
			buildPhases = (
				11A6692B29A2D134000EF407 /* Sources */,
				11A6692C29A2D134000EF407 /* Frameworks */,
				11A6692D29A2D134000EF407 /* Resources */,
			);
			buildRules = (
			);
			dependencies = (
			);
			name = iOSChallenge_FredyCamas_02192023;
			productName = iOSChallenge_FredyCamas_02192023;
			productReference = 11A6692F29A2D134000EF407 /* iOSChallenge_FredyCamas_02192023.app */;
			productType = "com.apple.product-type.application";
		};
		11A6693E29A2D136000EF407 /* iOSChallenge_FredyCamas_02192023Tests */ = {
			isa = PBXNativeTarget;
			buildConfigurationList = 11A6695629A2D136000EF407 /* Build configuration list for PBXNativeTarget "iOSChallenge_FredyCamas_02192023Tests" */;
			buildPhases = (
				11A6693B29A2D136000EF407 /* Sources */,
				11A6693C29A2D136000EF407 /* Frameworks */,
				11A6693D29A2D136000EF407 /* Resources */,
			);
			buildRules = (
			);
			dependencies = (
				11A6694129A2D136000EF407 /* PBXTargetDependency */,
			);
			name = iOSChallenge_FredyCamas_02192023Tests;
			productName = iOSChallenge_FredyCamas_02192023Tests;
			productReference = 11A6693F29A2D136000EF407 /* iOSChallenge_FredyCamas_02192023Tests.xctest */;
			productType = "com.apple.product-type.bundle.unit-test";
		};
		11A6694829A2D136000EF407 /* iOSChallenge_FredyCamas_02192023UITests */ = {
			isa = PBXNativeTarget;
			buildConfigurationList = 11A6695929A2D136000EF407 /* Build configuration list for PBXNativeTarget "iOSChallenge_FredyCamas_02192023UITests" */;
			buildPhases = (
				11A6694529A2D136000EF407 /* Sources */,
				11A6694629A2D136000EF407 /* Frameworks */,
				11A6694729A2D136000EF407 /* Resources */,
			);
			buildRules = (
			);
			dependencies = (
				11A6694B29A2D136000EF407 /* PBXTargetDependency */,
			);
			name = iOSChallenge_FredyCamas_02192023UITests;
			productName = iOSChallenge_FredyCamas_02192023UITests;
			productReference = 11A6694929A2D136000EF407 /* iOSChallenge_FredyCamas_02192023UITests.xctest */;
			productType = "com.apple.product-type.bundle.ui-testing";
		};
/* End PBXNativeTarget section */

/* Begin PBXProject section */
		11A6692729A2D134000EF407 /* Project object */ = {
			isa = PBXProject;
			attributes = {
				BuildIndependentTargetsInParallel = 1;
				LastSwiftUpdateCheck = 1420;
				LastUpgradeCheck = 1420;
				TargetAttributes = {
					11A6692E29A2D134000EF407 = {
						CreatedOnToolsVersion = 14.2;
					};
					11A6693E29A2D136000EF407 = {
						CreatedOnToolsVersion = 14.2;
						TestTargetID = 11A6692E29A2D134000EF407;
					};
					11A6694829A2D136000EF407 = {
						CreatedOnToolsVersion = 14.2;
						TestTargetID = 11A6692E29A2D134000EF407;
					};
				};
			};
			buildConfigurationList = 11A6692A29A2D134000EF407 /* Build configuration list for PBXProject "iOSChallenge_FredyCamas_02192023" */;
			compatibilityVersion = "Xcode 14.0";
			developmentRegion = en;
			hasScannedForEncodings = 0;
			knownRegions = (
				en,
				Base,
			);
			mainGroup = 11A6692629A2D134000EF407;
			productRefGroup = 11A6693029A2D134000EF407 /* Products */;
			projectDirPath = "";
			projectRoot = "";
			targets = (
				11A6692E29A2D134000EF407 /* iOSChallenge_FredyCamas_02192023 */,
				11A6693E29A2D136000EF407 /* iOSChallenge_FredyCamas_02192023Tests */,
				11A6694829A2D136000EF407 /* iOSChallenge_FredyCamas_02192023UITests */,
			);
		};
/* End PBXProject section */

/* Begin PBXResourcesBuildPhase section */
		11A6692D29A2D134000EF407 /* Resources */ = {
			isa = PBXResourcesBuildPhase;
			buildActionMask = 2147483647;
			files = (
				11A6693A29A2D135000EF407 /* Preview Assets.xcassets in Resources */,
				11A6693729A2D135000EF407 /* Assets.xcassets in Resources */,
			);
			runOnlyForDeploymentPostprocessing = 0;
		};
		11A6693D29A2D136000EF407 /* Resources */ = {
			isa = PBXResourcesBuildPhase;
			buildActionMask = 2147483647;
			files = (
			);
			runOnlyForDeploymentPostprocessing = 0;
		};
		11A6694729A2D136000EF407 /* Resources */ = {
			isa = PBXResourcesBuildPhase;
			buildActionMask = 2147483647;
			files = (
			);
			runOnlyForDeploymentPostprocessing = 0;
		};
/* End PBXResourcesBuildPhase section */

/* Begin PBXSourcesBuildPhase section */
		11A6692B29A2D134000EF407 /* Sources */ = {
			isa = PBXSourcesBuildPhase;
			buildActionMask = 2147483647;
			files = (
				11A6693529A2D134000EF407 /* ContentView.swift in Sources */,
				11A6693329A2D134000EF407 /* iOSChallenge_FredyCamas_02192023App.swift in Sources */,
				11A6695E29A2D1FE000EF407 /* Constants.swift in Sources */,
				11A6696329A2DBFC000EF407 /* DessertCardView.swift in Sources */,
			);
			runOnlyForDeploymentPostprocessing = 0;
		};
		11A6693B29A2D136000EF407 /* Sources */ = {
			isa = PBXSourcesBuildPhase;
			buildActionMask = 2147483647;
			files = (
				11A6694429A2D136000EF407 /* iOSChallenge_FredyCamas_02192023Tests.swift in Sources */,
			);
			runOnlyForDeploymentPostprocessing = 0;
		};
		11A6694529A2D136000EF407 /* Sources */ = {
			isa = PBXSourcesBuildPhase;
			buildActionMask = 2147483647;
			files = (
				11A6695029A2D136000EF407 /* iOSChallenge_FredyCamas_02192023UITestsLaunchTests.swift in Sources */,
				11A6694E29A2D136000EF407 /* iOSChallenge_FredyCamas_02192023UITests.swift in Sources */,
			);
			runOnlyForDeploymentPostprocessing = 0;
		};
/* End PBXSourcesBuildPhase section */

/* Begin PBXTargetDependency section */
		11A6694129A2D136000EF407 /* PBXTargetDependency */ = {
			isa = PBXTargetDependency;
			target = 11A6692E29A2D134000EF407 /* iOSChallenge_FredyCamas_02192023 */;
			targetProxy = 11A6694029A2D136000EF407 /* PBXContainerItemProxy */;
		};
		11A6694B29A2D136000EF407 /* PBXTargetDependency */ = {
			isa = PBXTargetDependency;
			target = 11A6692E29A2D134000EF407 /* iOSChallenge_FredyCamas_02192023 */;
			targetProxy = 11A6694A29A2D136000EF407 /* PBXContainerItemProxy */;
		};
/* End PBXTargetDependency section */

/* Begin XCBuildConfiguration section */
		11A6695129A2D136000EF407 /* Debug */ = {
			isa = XCBuildConfiguration;
			buildSettings = {
				ALWAYS_SEARCH_USER_PATHS = NO;
				CLANG_ANALYZER_NONNULL = YES;
				CLANG_ANALYZER_NUMBER_OBJECT_CONVERSION = YES_AGGRESSIVE;
				CLANG_CXX_LANGUAGE_STANDARD = "gnu++20";
				CLANG_ENABLE_MODULES = YES;
				CLANG_ENABLE_OBJC_ARC = YES;
				CLANG_ENABLE_OBJC_WEAK = YES;
				CLANG_WARN_BLOCK_CAPTURE_AUTORELEASING = YES;
				CLANG_WARN_BOOL_CONVERSION = YES;
				CLANG_WARN_COMMA = YES;
				CLANG_WARN_CONSTANT_CONVERSION = YES;
				CLANG_WARN_DEPRECATED_OBJC_IMPLEMENTATIONS = YES;
				CLANG_WARN_DIRECT_OBJC_ISA_USAGE = YES_ERROR;
				CLANG_WARN_DOCUMENTATION_COMMENTS = YES;
				CLANG_WARN_EMPTY_BODY = YES;
				CLANG_WARN_ENUM_CONVERSION = YES;
				CLANG_WARN_INFINITE_RECURSION = YES;
				CLANG_WARN_INT_CONVERSION = YES;
				CLANG_WARN_NON_LITERAL_NULL_CONVERSION = YES;
				CLANG_WARN_OBJC_IMPLICIT_RETAIN_SELF = YES;
				CLANG_WARN_OBJC_LITERAL_CONVERSION = YES;
				CLANG_WARN_OBJC_ROOT_CLASS = YES_ERROR;
				CLANG_WARN_QUOTED_INCLUDE_IN_FRAMEWORK_HEADER = YES;
				CLANG_WARN_RANGE_LOOP_ANALYSIS = YES;
				CLANG_WARN_STRICT_PROTOTYPES = YES;
				CLANG_WARN_SUSPICIOUS_MOVE = YES;
				CLANG_WARN_UNGUARDED_AVAILABILITY = YES_AGGRESSIVE;
				CLANG_WARN_UNREACHABLE_CODE = YES;
				CLANG_WARN__DUPLICATE_METHOD_MATCH = YES;
				COPY_PHASE_STRIP = NO;
				DEBUG_INFORMATION_FORMAT = dwarf;
				ENABLE_STRICT_OBJC_MSGSEND = YES;
				ENABLE_TESTABILITY = YES;
				GCC_C_LANGUAGE_STANDARD = gnu11;
				GCC_DYNAMIC_NO_PIC = NO;
				GCC_NO_COMMON_BLOCKS = YES;
				GCC_OPTIMIZATION_LEVEL = 0;
				GCC_PREPROCESSOR_DEFINITIONS = (
					"DEBUG=1",
					"$(inherited)",
				);
				GCC_WARN_64_TO_32_BIT_CONVERSION = YES;
				GCC_WARN_ABOUT_RETURN_TYPE = YES_ERROR;
				GCC_WARN_UNDECLARED_SELECTOR = YES;
				GCC_WARN_UNINITIALIZED_AUTOS = YES_AGGRESSIVE;
				GCC_WARN_UNUSED_FUNCTION = YES;
				GCC_WARN_UNUSED_VARIABLE = YES;
				IPHONEOS_DEPLOYMENT_TARGET = 16.2;
				MTL_ENABLE_DEBUG_INFO = INCLUDE_SOURCE;
				MTL_FAST_MATH = YES;
				ONLY_ACTIVE_ARCH = YES;
				SDKROOT = iphoneos;
				SWIFT_ACTIVE_COMPILATION_CONDITIONS = DEBUG;
				SWIFT_OPTIMIZATION_LEVEL = "-Onone";
			};
			name = Debug;
		};
		11A6695229A2D136000EF407 /* Release */ = {
			isa = XCBuildConfiguration;
			buildSettings = {
				ALWAYS_SEARCH_USER_PATHS = NO;
				CLANG_ANALYZER_NONNULL = YES;
				CLANG_ANALYZER_NUMBER_OBJECT_CONVERSION = YES_AGGRESSIVE;
				CLANG_CXX_LANGUAGE_STANDARD = "gnu++20";
				CLANG_ENABLE_MODULES = YES;
				CLANG_ENABLE_OBJC_ARC = YES;
				CLANG_ENABLE_OBJC_WEAK = YES;
				CLANG_WARN_BLOCK_CAPTURE_AUTORELEASING = YES;
				CLANG_WARN_BOOL_CONVERSION = YES;
				CLANG_WARN_COMMA = YES;
				CLANG_WARN_CONSTANT_CONVERSION = YES;
				CLANG_WARN_DEPRECATED_OBJC_IMPLEMENTATIONS = YES;
				CLANG_WARN_DIRECT_OBJC_ISA_USAGE = YES_ERROR;
				CLANG_WARN_DOCUMENTATION_COMMENTS = YES;
				CLANG_WARN_EMPTY_BODY = YES;
				CLANG_WARN_ENUM_CONVERSION = YES;
				CLANG_WARN_INFINITE_RECURSION = YES;
				CLANG_WARN_INT_CONVERSION = YES;
				CLANG_WARN_NON_LITERAL_NULL_CONVERSION = YES;
				CLANG_WARN_OBJC_IMPLICIT_RETAIN_SELF = YES;
				CLANG_WARN_OBJC_LITERAL_CONVERSION = YES;
				CLANG_WARN_OBJC_ROOT_CLASS = YES_ERROR;
				CLANG_WARN_QUOTED_INCLUDE_IN_FRAMEWORK_HEADER = YES;
				CLANG_WARN_RANGE_LOOP_ANALYSIS = YES;
				CLANG_WARN_STRICT_PROTOTYPES = YES;
				CLANG_WARN_SUSPICIOUS_MOVE = YES;
				CLANG_WARN_UNGUARDED_AVAILABILITY = YES_AGGRESSIVE;
				CLANG_WARN_UNREACHABLE_CODE = YES;
				CLANG_WARN__DUPLICATE_METHOD_MATCH = YES;
				COPY_PHASE_STRIP = NO;
				DEBUG_INFORMATION_FORMAT = "dwarf-with-dsym";
				ENABLE_NS_ASSERTIONS = NO;
				ENABLE_STRICT_OBJC_MSGSEND = YES;
				GCC_C_LANGUAGE_STANDARD = gnu11;
				GCC_NO_COMMON_BLOCKS = YES;
				GCC_WARN_64_TO_32_BIT_CONVERSION = YES;
				GCC_WARN_ABOUT_RETURN_TYPE = YES_ERROR;
				GCC_WARN_UNDECLARED_SELECTOR = YES;
				GCC_WARN_UNINITIALIZED_AUTOS = YES_AGGRESSIVE;
				GCC_WARN_UNUSED_FUNCTION = YES;
				GCC_WARN_UNUSED_VARIABLE = YES;
				IPHONEOS_DEPLOYMENT_TARGET = 16.2;
				MTL_ENABLE_DEBUG_INFO = NO;
				MTL_FAST_MATH = YES;
				SDKROOT = iphoneos;
				SWIFT_COMPILATION_MODE = wholemodule;
				SWIFT_OPTIMIZATION_LEVEL = "-O";
				VALIDATE_PRODUCT = YES;
			};
			name = Release;
		};
		11A6695429A2D136000EF407 /* Debug */ = {
			isa = XCBuildConfiguration;
			buildSettings = {
				ASSETCATALOG_COMPILER_APPICON_NAME = AppIcon;
				ASSETCATALOG_COMPILER_GLOBAL_ACCENT_COLOR_NAME = AccentColor;
				CODE_SIGN_STYLE = Automatic;
				CURRENT_PROJECT_VERSION = 1;
				DEVELOPMENT_ASSET_PATHS = "\"iOSChallenge_FredyCamas_02192023/Preview Content\"";
				ENABLE_PREVIEWS = YES;
				GENERATE_INFOPLIST_FILE = YES;
				INFOPLIST_KEY_UIApplicationSceneManifest_Generation = YES;
				INFOPLIST_KEY_UIApplicationSupportsIndirectInputEvents = YES;
				INFOPLIST_KEY_UILaunchScreen_Generation = YES;
				INFOPLIST_KEY_UISupportedInterfaceOrientations_iPad = "UIInterfaceOrientationPortrait UIInterfaceOrientationPortraitUpsideDown UIInterfaceOrientationLandscapeLeft UIInterfaceOrientationLandscapeRight";
				INFOPLIST_KEY_UISupportedInterfaceOrientations_iPhone = "UIInterfaceOrientationPortrait UIInterfaceOrientationLandscapeLeft UIInterfaceOrientationLandscapeRight";
				LD_RUNPATH_SEARCH_PATHS = (
					"$(inherited)",
					"@executable_path/Frameworks",
				);
				MARKETING_VERSION = 1.0;
				PRODUCT_BUNDLE_IDENTIFIER = "com.codingchallenge.iOSChallenge-FredyCamas-02192023";
				PRODUCT_NAME = "$(TARGET_NAME)";
				SWIFT_EMIT_LOC_STRINGS = YES;
				SWIFT_VERSION = 5.0;
				TARGETED_DEVICE_FAMILY = "1,2";
			};
			name = Debug;
		};
		11A6695529A2D136000EF407 /* Release */ = {
			isa = XCBuildConfiguration;
			buildSettings = {
				ASSETCATALOG_COMPILER_APPICON_NAME = AppIcon;
				ASSETCATALOG_COMPILER_GLOBAL_ACCENT_COLOR_NAME = AccentColor;
				CODE_SIGN_STYLE = Automatic;
				CURRENT_PROJECT_VERSION = 1;
				DEVELOPMENT_ASSET_PATHS = "\"iOSChallenge_FredyCamas_02192023/Preview Content\"";
				ENABLE_PREVIEWS = YES;
				GENERATE_INFOPLIST_FILE = YES;
				INFOPLIST_KEY_UIApplicationSceneManifest_Generation = YES;
				INFOPLIST_KEY_UIApplicationSupportsIndirectInputEvents = YES;
				INFOPLIST_KEY_UILaunchScreen_Generation = YES;
				INFOPLIST_KEY_UISupportedInterfaceOrientations_iPad = "UIInterfaceOrientationPortrait UIInterfaceOrientationPortraitUpsideDown UIInterfaceOrientationLandscapeLeft UIInterfaceOrientationLandscapeRight";
				INFOPLIST_KEY_UISupportedInterfaceOrientations_iPhone = "UIInterfaceOrientationPortrait UIInterfaceOrientationLandscapeLeft UIInterfaceOrientationLandscapeRight";
				LD_RUNPATH_SEARCH_PATHS = (
					"$(inherited)",
					"@executable_path/Frameworks",
				);
				MARKETING_VERSION = 1.0;
				PRODUCT_BUNDLE_IDENTIFIER = "com.codingchallenge.iOSChallenge-FredyCamas-02192023";
				PRODUCT_NAME = "$(TARGET_NAME)";
				SWIFT_EMIT_LOC_STRINGS = YES;
				SWIFT_VERSION = 5.0;
				TARGETED_DEVICE_FAMILY = "1,2";
			};
			name = Release;
		};
		11A6695729A2D136000EF407 /* Debug */ = {
			isa = XCBuildConfiguration;
			buildSettings = {
				ALWAYS_EMBED_SWIFT_STANDARD_LIBRARIES = YES;
				BUNDLE_LOADER = "$(TEST_HOST)";
				CODE_SIGN_STYLE = Automatic;
				CURRENT_PROJECT_VERSION = 1;
				GENERATE_INFOPLIST_FILE = YES;
				IPHONEOS_DEPLOYMENT_TARGET = 16.2;
				MARKETING_VERSION = 1.0;
				PRODUCT_BUNDLE_IDENTIFIER = "com.codingchallenge.iOSChallenge-FredyCamas-02192023Tests";
				PRODUCT_NAME = "$(TARGET_NAME)";
				SWIFT_EMIT_LOC_STRINGS = NO;
				SWIFT_VERSION = 5.0;
				TARGETED_DEVICE_FAMILY = "1,2";
				TEST_HOST = "$(BUILT_PRODUCTS_DIR)/iOSChallenge_FredyCamas_02192023.app/$(BUNDLE_EXECUTABLE_FOLDER_PATH)/iOSChallenge_FredyCamas_02192023";
			};
			name = Debug;
		};
		11A6695829A2D136000EF407 /* Release */ = {
			isa = XCBuildConfiguration;
			buildSettings = {
				ALWAYS_EMBED_SWIFT_STANDARD_LIBRARIES = YES;
				BUNDLE_LOADER = "$(TEST_HOST)";
				CODE_SIGN_STYLE = Automatic;
				CURRENT_PROJECT_VERSION = 1;
				GENERATE_INFOPLIST_FILE = YES;
				IPHONEOS_DEPLOYMENT_TARGET = 16.2;
				MARKETING_VERSION = 1.0;
				PRODUCT_BUNDLE_IDENTIFIER = "com.codingchallenge.iOSChallenge-FredyCamas-02192023Tests";
				PRODUCT_NAME = "$(TARGET_NAME)";
				SWIFT_EMIT_LOC_STRINGS = NO;
				SWIFT_VERSION = 5.0;
				TARGETED_DEVICE_FAMILY = "1,2";
				TEST_HOST = "$(BUILT_PRODUCTS_DIR)/iOSChallenge_FredyCamas_02192023.app/$(BUNDLE_EXECUTABLE_FOLDER_PATH)/iOSChallenge_FredyCamas_02192023";
			};
			name = Release;
		};
		11A6695A29A2D136000EF407 /* Debug */ = {
			isa = XCBuildConfiguration;
			buildSettings = {
				ALWAYS_EMBED_SWIFT_STANDARD_LIBRARIES = YES;
				CODE_SIGN_STYLE = Automatic;
				CURRENT_PROJECT_VERSION = 1;
				GENERATE_INFOPLIST_FILE = YES;
				MARKETING_VERSION = 1.0;
				PRODUCT_BUNDLE_IDENTIFIER = "com.codingchallenge.iOSChallenge-FredyCamas-02192023UITests";
				PRODUCT_NAME = "$(TARGET_NAME)";
				SWIFT_EMIT_LOC_STRINGS = NO;
				SWIFT_VERSION = 5.0;
				TARGETED_DEVICE_FAMILY = "1,2";
				TEST_TARGET_NAME = iOSChallenge_FredyCamas_02192023;
			};
			name = Debug;
		};
		11A6695B29A2D136000EF407 /* Release */ = {
			isa = XCBuildConfiguration;
			buildSettings = {
				ALWAYS_EMBED_SWIFT_STANDARD_LIBRARIES = YES;
				CODE_SIGN_STYLE = Automatic;
				CURRENT_PROJECT_VERSION = 1;
				GENERATE_INFOPLIST_FILE = YES;
				MARKETING_VERSION = 1.0;
				PRODUCT_BUNDLE_IDENTIFIER = "com.codingchallenge.iOSChallenge-FredyCamas-02192023UITests";
				PRODUCT_NAME = "$(TARGET_NAME)";
				SWIFT_EMIT_LOC_STRINGS = NO;
				SWIFT_VERSION = 5.0;
				TARGETED_DEVICE_FAMILY = "1,2";
				TEST_TARGET_NAME = iOSChallenge_FredyCamas_02192023;
			};
			name = Release;
		};
/* End XCBuildConfiguration section */

/* Begin XCConfigurationList section */
		11A6692A29A2D134000EF407 /* Build configuration list for PBXProject "iOSChallenge_FredyCamas_02192023" */ = {
			isa = XCConfigurationList;
			buildConfigurations = (
				11A6695129A2D136000EF407 /* Debug */,
				11A6695229A2D136000EF407 /* Release */,
			);
			defaultConfigurationIsVisible = 0;
			defaultConfigurationName = Release;
		};
		11A6695329A2D136000EF407 /* Build configuration list for PBXNativeTarget "iOSChallenge_FredyCamas_02192023" */ = {
			isa = XCConfigurationList;
			buildConfigurations = (
				11A6695429A2D136000EF407 /* Debug */,
				11A6695529A2D136000EF407 /* Release */,
			);
			defaultConfigurationIsVisible = 0;
			defaultConfigurationName = Release;
		};
		11A6695629A2D136000EF407 /* Build configuration list for PBXNativeTarget "iOSChallenge_FredyCamas_02192023Tests" */ = {
			isa = XCConfigurationList;
			buildConfigurations = (
				11A6695729A2D136000EF407 /* Debug */,
				11A6695829A2D136000EF407 /* Release */,
			);
			defaultConfigurationIsVisible = 0;
			defaultConfigurationName = Release;
		};
		11A6695929A2D136000EF407 /* Build configuration list for PBXNativeTarget "iOSChallenge_FredyCamas_02192023UITests" */ = {
			isa = XCConfigurationList;
			buildConfigurations = (
				11A6695A29A2D136000EF407 /* Debug */,
				11A6695B29A2D136000EF407 /* Release */,
			);
			defaultConfigurationIsVisible = 0;
			defaultConfigurationName = Release;
		};
/* End XCConfigurationList section */
	};
	rootObject = 11A6692729A2D134000EF407 /* Project object */;
}
